Microsoft Visual Studio Solution File, Format Version 12.00
Project("{FAE04EC0-301F-11D3-BF4B-00C04F79EFBC}") = "SlidingWindowCache", "src\SlidingWindowCache\SlidingWindowCache.csproj", "{40C9BEF3-8CFA-43CC-AFE0-7E374DF7F9A5}"
EndProject
Project("{FAE04EC0-301F-11D3-BF4B-00C04F79EFBC}") = "SlidingWindowCache.WasmValidation", "src\SlidingWindowCache.WasmValidation\SlidingWindowCache.WasmValidation.csproj", "{A1B2C3D4-E5F6-4A5B-8C9D-0E1F2A3B4C5D}"
EndProject
Project("{2150E333-8FDC-42A3-9474-1A3956D46DE8}") = "SolutionItems", "SolutionItems", "{EB667A96-0E73-48B6-ACC8-C99369A59D0D}"
	ProjectSection(SolutionItems) = preProject
		README.md = README.md
	EndProjectSection
EndProject
Project("{2150E333-8FDC-42A3-9474-1A3956D46DE8}") = "docs", "docs", "{B0276F89-7127-4A8C-AD8F-C198780A1E34}"
	ProjectSection(SolutionItems) = preProject
		docs\scenario-model.md = docs\scenario-model.md
		docs\invariants.md = docs\invariants.md
		docs\actors-and-responsibilities.md = docs\actors-and-responsibilities.md
		docs\cache-state-machine.md = docs\cache-state-machine.md
		docs\actors-to-components-mapping.md = docs\actors-to-components-mapping.md
		docs\concurrency-model.md = docs\concurrency-model.md
		docs\component-map.md = docs\component-map.md
		docs\storage-strategies.md = docs\storage-strategies.md
	EndProjectSection
EndProject
Project("{2150E333-8FDC-42A3-9474-1A3956D46DE8}") = "src", "src", "{2126ACFB-75E0-4E60-A84C-463EBA8A8799}"
EndProject
Project("{2150E333-8FDC-42A3-9474-1A3956D46DE8}") = "tests", "tests", "{8C504091-1383-4EEB-879E-7A3769C3DF13}"
EndProject
Project("{FAE04EC0-301F-11D3-BF4B-00C04F79EFBC}") = "SlidingWindowCache.Invariants.Tests", "tests\SlidingWindowCache.Invariants.Tests\SlidingWindowCache.Invariants.Tests.csproj", "{17AB54EA-D245-4867-A047-ED55B4D94C17}"
EndProject
Project("{FAE04EC0-301F-11D3-BF4B-00C04F79EFBC}") = "SlidingWindowCache.Integration.Tests", "tests\SlidingWindowCache.Integration.Tests\SlidingWindowCache.Integration.Tests.csproj", "{0023794C-FAD3-490C-96E3-448C68ED2569}"
EndProject
Project("{FAE04EC0-301F-11D3-BF4B-00C04F79EFBC}") = "SlidingWindowCache.Unit.Tests", "tests\SlidingWindowCache.Unit.Tests\SlidingWindowCache.Unit.Tests.csproj", "{906F9E4F-0EFA-4FE8-8DA2-DDECE22B7306}"
EndProject
Project("{2150E333-8FDC-42A3-9474-1A3956D46DE8}") = "cicd", "cicd", "{9C6688E8-071B-48F5-9B84-4779B58822CC}"
	ProjectSection(SolutionItems) = preProject
		.github\workflows\slidingwindowcache.yml = .github\workflows\slidingwindowcache.yml
	EndProjectSection
EndProject
Project("{2150E333-8FDC-42A3-9474-1A3956D46DE8}") = "benchmarks", "benchmarks", "{EB0F4813-1FA9-4C40-A975-3B8C6BBFF8D5}"
EndProject
Project("{FAE04EC0-301F-11D3-BF4B-00C04F79EFBC}") = "SlidingWindowCache.Benchmarks", "benchmarks\SlidingWindowCache.Benchmarks\SlidingWindowCache.Benchmarks.csproj", "{8E83B41E-08E9-4AF4-8272-1AB2D2DEDBAB}"
EndProject
Global
	GlobalSection(SolutionConfigurationPlatforms) = preSolution
		Debug|Any CPU = Debug|Any CPU
		Release|Any CPU = Release|Any CPU
	EndGlobalSection
	GlobalSection(ProjectConfigurationPlatforms) = postSolution
		{40C9BEF3-8CFA-43CC-AFE0-7E374DF7F9A5}.Debug|Any CPU.ActiveCfg = Debug|Any CPU
		{40C9BEF3-8CFA-43CC-AFE0-7E374DF7F9A5}.Debug|Any CPU.Build.0 = Debug|Any CPU
		{40C9BEF3-8CFA-43CC-AFE0-7E374DF7F9A5}.Release|Any CPU.ActiveCfg = Release|Any CPU
		{40C9BEF3-8CFA-43CC-AFE0-7E374DF7F9A5}.Release|Any CPU.Build.0 = Release|Any CPU
		{A1B2C3D4-E5F6-4A5B-8C9D-0E1F2A3B4C5D}.Debug|Any CPU.ActiveCfg = Debug|Any CPU
		{A1B2C3D4-E5F6-4A5B-8C9D-0E1F2A3B4C5D}.Debug|Any CPU.Build.0 = Debug|Any CPU
		{A1B2C3D4-E5F6-4A5B-8C9D-0E1F2A3B4C5D}.Release|Any CPU.ActiveCfg = Release|Any CPU
		{A1B2C3D4-E5F6-4A5B-8C9D-0E1F2A3B4C5D}.Release|Any CPU.Build.0 = Release|Any CPU
		{17AB54EA-D245-4867-A047-ED55B4D94C17}.Debug|Any CPU.ActiveCfg = Debug|Any CPU
		{17AB54EA-D245-4867-A047-ED55B4D94C17}.Debug|Any CPU.Build.0 = Debug|Any CPU
		{17AB54EA-D245-4867-A047-ED55B4D94C17}.Release|Any CPU.ActiveCfg = Release|Any CPU
		{17AB54EA-D245-4867-A047-ED55B4D94C17}.Release|Any CPU.Build.0 = Release|Any CPU
		{0023794C-FAD3-490C-96E3-448C68ED2569}.Debug|Any CPU.ActiveCfg = Debug|Any CPU
		{0023794C-FAD3-490C-96E3-448C68ED2569}.Debug|Any CPU.Build.0 = Debug|Any CPU
		{0023794C-FAD3-490C-96E3-448C68ED2569}.Release|Any CPU.ActiveCfg = Release|Any CPU
		{0023794C-FAD3-490C-96E3-448C68ED2569}.Release|Any CPU.Build.0 = Release|Any CPU
		{906F9E4F-0EFA-4FE8-8DA2-DDECE22B7306}.Debug|Any CPU.ActiveCfg = Debug|Any CPU
		{906F9E4F-0EFA-4FE8-8DA2-DDECE22B7306}.Debug|Any CPU.Build.0 = Debug|Any CPU
		{906F9E4F-0EFA-4FE8-8DA2-DDECE22B7306}.Release|Any CPU.ActiveCfg = Release|Any CPU
		{906F9E4F-0EFA-4FE8-8DA2-DDECE22B7306}.Release|Any CPU.Build.0 = Release|Any CPU
		{8E83B41E-08E9-4AF4-8272-1AB2D2DEDBAB}.Debug|Any CPU.ActiveCfg = Debug|Any CPU
		{8E83B41E-08E9-4AF4-8272-1AB2D2DEDBAB}.Debug|Any CPU.Build.0 = Debug|Any CPU
		{8E83B41E-08E9-4AF4-8272-1AB2D2DEDBAB}.Release|Any CPU.ActiveCfg = Release|Any CPU
		{8E83B41E-08E9-4AF4-8272-1AB2D2DEDBAB}.Release|Any CPU.Build.0 = Release|Any CPU
	EndGlobalSection
	GlobalSection(NestedProjects) = preSolution
		{B0276F89-7127-4A8C-AD8F-C198780A1E34} = {EB667A96-0E73-48B6-ACC8-C99369A59D0D}
		{40C9BEF3-8CFA-43CC-AFE0-7E374DF7F9A5} = {2126ACFB-75E0-4E60-A84C-463EBA8A8799}
		{A1B2C3D4-E5F6-4A5B-8C9D-0E1F2A3B4C5D} = {2126ACFB-75E0-4E60-A84C-463EBA8A8799}
		{17AB54EA-D245-4867-A047-ED55B4D94C17} = {8C504091-1383-4EEB-879E-7A3769C3DF13}
		{0023794C-FAD3-490C-96E3-448C68ED2569} = {8C504091-1383-4EEB-879E-7A3769C3DF13}
		{906F9E4F-0EFA-4FE8-8DA2-DDECE22B7306} = {8C504091-1383-4EEB-879E-7A3769C3DF13}
		{9C6688E8-071B-48F5-9B84-4779B58822CC} = {EB667A96-0E73-48B6-ACC8-C99369A59D0D}
		{8E83B41E-08E9-4AF4-8272-1AB2D2DEDBAB} = {EB0F4813-1FA9-4C40-A975-3B8C6BBFF8D5}
	EndGlobalSection
EndGlobal
